<?xml version="1.0" encoding="utf-8"?>
<Project ToolsVersion="4.0" xmlns="http://schemas.microsoft.com/developer/msbuild/2003">
  <ItemGroup>
    <Filter Include="Applications">
      <UniqueIdentifier>{d65b0414-e843-4873-ac90-eec398b9a6bd}</UniqueIdentifier>
    </Filter>
    <Filter Include="Cameras">
      <UniqueIdentifier>{09fb1ff1-2be7-4e0b-995c-c932d507ecd0}</UniqueIdentifier>
    </Filter>
    <Filter Include="Shaders">
      <UniqueIdentifier>{8ef9a4c5-4f21-4976-93dc-ba919470ab60}</UniqueIdentifier>
    </Filter>
    <Filter Include="Applications\Lighting">
      <UniqueIdentifier>{b3f50a15-5f9a-43d2-888f-5946e0299134}</UniqueIdentifier>
    </Filter>
    <Filter Include="Applications\CameraAndProjections">
      <UniqueIdentifier>{dc931408-3f9a-4833-9f05-61d3fd7f7906}</UniqueIdentifier>
    </Filter>
    <Filter Include="Applications\Template Class">
      <UniqueIdentifier>{9c582688-d9e3-437e-a479-a5f8da904bb9}</UniqueIdentifier>
    </Filter>
    <Filter Include="Applications\_Base Class">
      <UniqueIdentifier>{a8f6f3b3-b298-4ca8-9853-2d019c12264e}</UniqueIdentifier>
    </Filter>
    <Filter Include="Applications\OBJLoader">
      <UniqueIdentifier>{13dc604a-5aa4-4f4e-97e6-df1e620474ea}</UniqueIdentifier>
    </Filter>
    <Filter Include="Applications\Solar System">
      <UniqueIdentifier>{178cc4b8-dd90-4d63-8810-43210c961160}</UniqueIdentifier>
    </Filter>
    <Filter Include="MAIN">
      <UniqueIdentifier>{ffbf1b31-9922-4146-aecf-31c92bef68af}</UniqueIdentifier>
    </Filter>
    <Filter Include="Applications\Rendering Geometry">
      <UniqueIdentifier>{c8586a8c-4e32-4f81-a8ba-221f55e2e804}</UniqueIdentifier>
    </Filter>
    <Filter Include="Utility">
      <UniqueIdentifier>{49ae76c3-e8bc-4d97-8260-312eeffa1aad}</UniqueIdentifier>
    </Filter>
    <Filter Include="Applications\Texturing">
      <UniqueIdentifier>{2a93ab7f-7d88-4f9e-a9ac-3c2e5f06cdef}</UniqueIdentifier>
    </Filter>
    <Filter Include="Applications\Quaternions">
      <UniqueIdentifier>{16a2d6e4-ee60-493b-a75e-bf11719b877b}</UniqueIdentifier>
    </Filter>
    <Filter Include="Applications\Particles">
      <UniqueIdentifier>{96195483-f224-4c4d-be9a-076c0e98c19c}</UniqueIdentifier>
    </Filter>
    <Filter Include="Applications\Animation">
      <UniqueIdentifier>{9e73aaff-5a3b-4400-90db-aff2fc66aa9d}</UniqueIdentifier>
    </Filter>
    <Filter Include="Applications\GPU Particles">
      <UniqueIdentifier>{9a5c8981-f59b-4689-b262-76f860eaf97a}</UniqueIdentifier>
    </Filter>
    <Filter Include="Applications\Scene Management">
      <UniqueIdentifier>{398d02fd-c2a3-431d-9c8c-2deb4c7551bf}</UniqueIdentifier>
    </Filter>
    <Filter Include="Utility\Gizmos">
      <UniqueIdentifier>{83347ed1-f85a-4f01-9f55-187ddd6e2e54}</UniqueIdentifier>
    </Filter>
    <Filter Include="Utility\OpenGL">
      <UniqueIdentifier>{17eacb8f-3bbe-4b59-8db1-23b71f4fdfba}</UniqueIdentifier>
    </Filter>
    <Filter Include="Utility\Mesh Loaders">
      <UniqueIdentifier>{e73a5f36-8aab-4d2c-8792-f0a1826d859f}</UniqueIdentifier>
    </Filter>
    <Filter Include="Applications\Render Targets">
      <UniqueIdentifier>{52a8b7b8-0cc6-4a0c-81f3-a0a2791139aa}</UniqueIdentifier>
    </Filter>
    <Filter Include="Applications\PostProcess">
      <UniqueIdentifier>{0d84d0e2-85de-4592-b312-92671513c7b8}</UniqueIdentifier>
    </Filter>
    <Filter Include="Applications\Deferred Rendering">
      <UniqueIdentifier>{a49644f4-e6ec-4689-8f57-4a4583179d94}</UniqueIdentifier>
    </Filter>
    <Filter Include="Applications\Procedural Generation">
      <UniqueIdentifier>{dc6b9af5-ba97-4389-9d3f-5a9ab783efc2}</UniqueIdentifier>
    </Filter>
    <Filter Include="Applications\Advanced Navigation">
      <UniqueIdentifier>{358af7ea-1b7f-475b-9cd1-720bda16ea1f}</UniqueIdentifier>
    </Filter>
    <Filter Include="Utility\GUI">
      <UniqueIdentifier>{373878f1-4c72-4594-8d36-a72adf59829d}</UniqueIdentifier>
    </Filter>
  </ItemGroup>
  <ItemGroup>
    <ClCompile Include="src\Camera.cpp">
      <Filter>Cameras</Filter>
    </ClCompile>
    <ClCompile Include="src\FlyCamera.cpp">
      <Filter>Cameras</Filter>
    </ClCompile>
    <ClCompile Include="src\RenderingGeometry.cpp">
      <Filter>Applications\Rendering Geometry</Filter>
    </ClCompile>
    <ClCompile Include="src\Lighting.cpp">
      <Filter>Applications\Lighting</Filter>
    </ClCompile>
    <ClCompile Include="src\Application.cpp">
      <Filter>Applications\_Base Class</Filter>
    </ClCompile>
    <ClCompile Include="src\CameraAndProjection.cpp">
      <Filter>Applications\CameraAndProjections</Filter>
    </ClCompile>
    <ClCompile Include="src\OBJLoader.cpp">
      <Filter>Applications\OBJLoader</Filter>
    </ClCompile>
    <ClCompile Include="src\SolarSystemTest.cpp">
      <Filter>Applications\Solar System</Filter>
    </ClCompile>
    <ClCompile Include="src\main.cpp">
      <Filter>MAIN</Filter>
    </ClCompile>
    <ClCompile Include="src\Utility.cpp">
      <Filter>Utility</Filter>
    </ClCompile>
    <ClCompile Include="src\AppTemplate.cpp">
      <Filter>Applications\Template Class</Filter>
    </ClCompile>
    <ClCompile Include="src\Texturing.cpp">
      <Filter>Applications\Texturing</Filter>
    </ClCompile>
    <ClCompile Include="src\AdvancedTexturing.cpp">
      <Filter>Applications\Texturing</Filter>
    </ClCompile>
    <ClCompile Include="src\Quaternion.cpp">
      <Filter>Applications\Quaternions</Filter>
    </ClCompile>
    <ClCompile Include="src\Animation.cpp">
      <Filter>Applications\Animation</Filter>
    </ClCompile>
    <ClCompile Include="src\GUI.cpp">
      <Filter>Utility\GUI</Filter>
    </ClCompile>
    <ClCompile Include="src\Particles.cpp">
      <Filter>Applications\Particles</Filter>
    </ClCompile>
    <ClCompile Include="src\GPUParticles.cpp">
      <Filter>Applications\GPU Particles</Filter>
    </ClCompile>
    <ClCompile Include="src\GPUEmitter.cpp">
      <Filter>Applications\GPU Particles</Filter>
    </ClCompile>
    <ClCompile Include="src\SceneManagement.cpp">
      <Filter>Applications\Scene Management</Filter>
    </ClCompile>
    <ClCompile Include="src\Gizmos.cpp">
      <Filter>Utility\Gizmos</Filter>
    </ClCompile>
    <ClCompile Include="src\gl_core_4_4.c">
      <Filter>Utility\OpenGL</Filter>
    </ClCompile>
    <ClCompile Include="src\tiny_obj_loader.cc">
      <Filter>Utility\Mesh Loaders</Filter>
    </ClCompile>
    <ClCompile Include="src\Emitter.cpp">
      <Filter>Applications\Particles</Filter>
    </ClCompile>
    <ClCompile Include="src\RenderTargets.cpp">
      <Filter>Applications\Render Targets</Filter>
    </ClCompile>
    <ClCompile Include="src\PostProcess.cpp">
      <Filter>Applications\PostProcess</Filter>
    </ClCompile>
    <ClCompile Include="src\DeferredRendering.cpp">
      <Filter>Applications\Deferred Rendering</Filter>
    </ClCompile>
    <ClCompile Include="src\PerlinNoise.cpp">
      <Filter>Applications\Procedural Generation</Filter>
    </ClCompile>
    <ClCompile Include="src\AdvancedNavigation.cpp">
      <Filter>Applications\Advanced Navigation</Filter>
    </ClCompile>
  </ItemGroup>
  <ItemGroup>
    <ClInclude Include="src\Camera.h">
      <Filter>Cameras</Filter>
    </ClInclude>
    <ClInclude Include="src\FlyCamera.h">
      <Filter>Cameras</Filter>
    </ClInclude>
    <ClInclude Include="src\RenderingGeometry.h">
      <Filter>Applications\Rendering Geometry</Filter>
    </ClInclude>
    <ClInclude Include="src\stb_image.h">
      <Filter>Applications\Rendering Geometry</Filter>
    </ClInclude>
    <ClInclude Include="src\Lighting.h">
      <Filter>Applications\Lighting</Filter>
    </ClInclude>
    <ClInclude Include="src\Application.h">
      <Filter>Applications\_Base Class</Filter>
    </ClInclude>
    <ClInclude Include="src\CameraAndProjection.h">
      <Filter>Applications\CameraAndProjections</Filter>
    </ClInclude>
    <ClInclude Include="src\OBJLoader.h">
      <Filter>Applications\OBJLoader</Filter>
    </ClInclude>
    <ClInclude Include="src\SolarSystemTest.h">
      <Filter>Applications\Solar System</Filter>
    </ClInclude>
    <ClInclude Include="src\Utility.h">
      <Filter>Utility</Filter>
    </ClInclude>
    <ClInclude Include="src\Vertex.h">
      <Filter>Utility</Filter>
    </ClInclude>
    <ClInclude Include="src\AppTemplate.h">
      <Filter>Applications\Template Class</Filter>
    </ClInclude>
    <ClInclude Include="src\Texturing.h">
      <Filter>Applications\Texturing</Filter>
    </ClInclude>
    <ClInclude Include="src\AdvancedTexturing.h">
      <Filter>Applications\Texturing</Filter>
    </ClInclude>
    <ClInclude Include="src\Quaternion.h">
      <Filter>Applications\Quaternions</Filter>
    </ClInclude>
    <ClInclude Include="src\Animation.h">
      <Filter>Applications\Animation</Filter>
    </ClInclude>
    <ClInclude Include="src\GUI.h">
      <Filter>Utility\GUI</Filter>
    </ClInclude>
    <ClInclude Include="src\Particles.h">
      <Filter>Applications\Particles</Filter>
    </ClInclude>
    <ClInclude Include="src\GPUParticles.h">
      <Filter>Applications\GPU Particles</Filter>
    </ClInclude>
    <ClInclude Include="src\GPUEmitter.h">
      <Filter>Applications\GPU Particles</Filter>
    </ClInclude>
    <ClInclude Include="src\SceneManagement.h">
      <Filter>Applications\Scene Management</Filter>
    </ClInclude>
    <ClInclude Include="src\AABB.h">
      <Filter>Applications\Scene Management</Filter>
    </ClInclude>
    <ClInclude Include="src\Gizmos.h">
      <Filter>Utility\Gizmos</Filter>
    </ClInclude>
    <ClInclude Include="src\gl_core_4_4.h">
      <Filter>Utility\OpenGL</Filter>
    </ClInclude>
    <ClInclude Include="src\glm_include.h">
      <Filter>Utility\OpenGL</Filter>
    </ClInclude>
    <ClInclude Include="src\tiny_obj_loader.h">
      <Filter>Utility\Mesh Loaders</Filter>
    </ClInclude>
    <ClInclude Include="src\Emitter.h">
      <Filter>Applications\Particles</Filter>
    </ClInclude>
    <ClInclude Include="src\BoundingSphere.h">
      <Filter>Applications\Scene Management</Filter>
    </ClInclude>
    <ClInclude Include="src\RenderTargets.h">
      <Filter>Applications\Render Targets</Filter>
    </ClInclude>
    <ClInclude Include="src\PostProcess.h">
      <Filter>Applications\PostProcess</Filter>
    </ClInclude>
    <ClInclude Include="src\DeferredRendering.h">
      <Filter>Applications\Deferred Rendering</Filter>
    </ClInclude>
    <ClInclude Include="src\PerlinNoise.h">
      <Filter>Applications\Procedural Generation</Filter>
    </ClInclude>
    <ClInclude Include="src\AdvancedNavigation.h">
      <Filter>Applications\Advanced Navigation</Filter>
    </ClInclude>
  </ItemGroup>
  <ItemGroup>
    <None Include="data\shaders\basic_vertex.glsl">
      <Filter>Shaders</Filter>
    </None>
    <None Include="data\shaders\basic_fragment.glsl">
      <Filter>Shaders</Filter>
    </None>
    <None Include="data\shaders\lighting_vertex.glsl">
      <Filter>Shaders</Filter>
    </None>
    <None Include="data\shaders\lighting_fragment.glsl">
      <Filter>Shaders</Filter>
    </None>
    <None Include="data\shaders\normal_mapped_vertex.glsl">
      <Filter>Shaders</Filter>
    </None>
    <None Include="data\shaders\normal_mapped_fragment.glsl">
      <Filter>Shaders</Filter>
    </None>
    <None Include="data\shaders\skinned_vertex.glsl">
      <Filter>Shaders</Filter>
    </None>
    <None Include="data\shaders\skinned_fragment.glsl">
      <Filter>Shaders</Filter>
    </None>
    <None Include="data\shaders\particle_vertex.glsl">
      <Filter>Shaders</Filter>
    </None>
    <None Include="data\shaders\particle_fragment.glsl">
      <Filter>Shaders</Filter>
    </None>
    <None Include="data\shaders\gpu_particle_fragment.glsl">
      <Filter>Shaders</Filter>
    </None>
    <None Include="data\shaders\gpu_particle_geometry.glsl">
      <Filter>Shaders</Filter>
    </None>
    <None Include="data\shaders\gpu_particle_vertex.glsl">
      <Filter>Shaders</Filter>
    </None>
    <None Include="data\shaders\post_fragment.glsl">
      <Filter>Shaders</Filter>
    </None>
    <None Include="data\shaders\post_vertex.glsl">
      <Filter>Shaders</Filter>
    </None>
    <None Include="data\shaders\textured_fragment.glsl">
      <Filter>Shaders</Filter>
    </None>
    <None Include="data\shaders\textured_vertex.glsl">
      <Filter>Shaders</Filter>
    </None>
    <None Include="data\shaders\perlin_vertex.glsl">
      <Filter>Shaders</Filter>
    </None>
    <None Include="data\shaders\perlin_fragment.glsl">
      <Filter>Shaders</Filter>
    </None>
    <None Include="navmesh_vertex.glsl">
      <Filter>Shaders</Filter>
    </None>
    <None Include="navmesh_fragment.glsl">
      <Filter>Shaders</Filter>
    </None>
  </ItemGroup>
</Project>